github.com/bdwilliams/go-jsonify v0.0.0-20141020182238-48749139e742 h1:PnDia1dKFSh7KDMoe9mRkSEFAIX3yN36Kc+zf/hLQVA=
github.com/bdwilliams/go-jsonify v0.0.0-20141020182238-48749139e742/go.mod h1:0e8SCOOU1qUs2MqeJLnREiTtj09Rd0rkhnyzVVRCW58=
github.com/bobertlo/go-mpg123 v0.0.0-20211210004329-c83f21a0fd39 h1:VCejVrz3ZyFZbDZTAawyzqVTPvsqaYkDNriuvqI+Ul4=
github.com/bobertlo/go-mpg123 v0.0.0-20211210004329-c83f21a0fd39/go.mod h1:mXbpHtCUpJj6n++mw/GWIxTeajLCSA7+uKHc9yP+WBI=
github.com/go-sql-driver/mysql v1.7.1 h1:lUIinVbN1DY0xBg0eMOzmmtGoHwWBbvnWubQUrtU8EI=
github.com/go-sql-driver/mysql v1.7.1/go.mod h1:OXbVy3sEdcQ2Doequ6Z5BW6fXNQTmx+9S1MCJN5yJMI=
github.com/gordonklaus/portaudio v0.0.0-20221027163845-7c3b689db3cc h1:yYLpN7bJxKYILKnk20oczGQOQd2h3/7z7/cxdD9Se/I=
github.com/gordonklaus/portaudio v0.0.0-20221027163845-7c3b689db3cc/go.mod h1:WY8R6YKlI2ZI3UyzFk7P6yGSuS+hFwNtEzrexRyD7Es=
github.com/gorilla/mux v1.8.0 h1:i40aqfkR1h2SlN9hojwV5ZA91wcXFOvkdNIeFDP5koI=
github.com/gorilla/mux v1.8.0/go.mod h1:DVbg23sWSpFRCP0SfiEN6jmj59UnW/n46BH5rLB71So=
